
Microsoft Visual Studio Solution File, Format Version 12.00
# Visual Studio Version 16
VisualStudioVersion = 16.0.30011.22
MinimumVisualStudioVersion = 10.0.40219.1
Project("{FAE04EC0-301F-11D3-BF4B-00C04F79EFBC}") = "EfCore", "EfCore.csproj", "{9B4BD090-2F26-484E-8DC4-0B48FF4B2276}"
EndProject
Global
	GlobalSection(SolutionConfigurationPlatforms) = preSolution
		Debug|Any CPU = Debug|Any CPU
		Release|Any CPU = Release|Any CPU
	EndGlobalSection
	GlobalSection(ProjectConfigurationPlatforms) = postSolution
		{9B4BD090-2F26-484E-8DC4-0B48FF4B2276}.Debug|Any CPU.ActiveCfg = Debug|Any CPU
		{9B4BD090-2F26-484E-8DC4-0B48FF4B2276}.Debug|Any CPU.Build.0 = Debug|Any CPU
		{9B4BD090-2F26-484E-8DC4-0B48FF4B2276}.Release|Any CPU.ActiveCfg = Release|Any CPU
		{9B4BD090-2F26-484E-8DC4-0B48FF4B2276}.Release|Any CPU.Build.0 = Release|Any CPU
	EndGlobalSection
	GlobalSection(SolutionProperties) = preSolution
		HideSolutionNode = FALSE
	EndGlobalSection
	GlobalSection(ExtensibilityGlobals) = postSolution
		SolutionGuid = {74B554CE-466E-42D0-9B52-BB23D0DF1947}
	EndGlobalSection
EndGlobal
