
Microsoft Visual Studio Solution File, Format Version 12.00
# Visual Studio Version 16
VisualStudioVersion = 16.0.30011.22
MinimumVisualStudioVersion = 10.0.40219.1
Project("{FAE04EC0-301F-11D3-BF4B-00C04F79EFBC}") = "GrpcServe", "GrpcServe.csproj", "{AB667B59-0F03-4BCB-93BC-066F98D17C88}"
EndProject
Project("{FAE04EC0-301F-11D3-BF4B-00C04F79EFBC}") = "GrpcClientConsole", "..\GrpcClientConsole\GrpcClientConsole.csproj", "{684509BF-18C7-497E-9A7B-8568E516BE56}"
EndProject
Global
	GlobalSection(SolutionConfigurationPlatforms) = preSolution
		Debug|Any CPU = Debug|Any CPU
		Release|Any CPU = Release|Any CPU
	EndGlobalSection
	GlobalSection(ProjectConfigurationPlatforms) = postSolution
		{AB667B59-0F03-4BCB-93BC-066F98D17C88}.Debug|Any CPU.ActiveCfg = Debug|Any CPU
		{AB667B59-0F03-4BCB-93BC-066F98D17C88}.Debug|Any CPU.Build.0 = Debug|Any CPU
		{AB667B59-0F03-4BCB-93BC-066F98D17C88}.Release|Any CPU.ActiveCfg = Release|Any CPU
		{AB667B59-0F03-4BCB-93BC-066F98D17C88}.Release|Any CPU.Build.0 = Release|Any CPU
		{684509BF-18C7-497E-9A7B-8568E516BE56}.Debug|Any CPU.ActiveCfg = Debug|Any CPU
		{684509BF-18C7-497E-9A7B-8568E516BE56}.Debug|Any CPU.Build.0 = Debug|Any CPU
		{684509BF-18C7-497E-9A7B-8568E516BE56}.Release|Any CPU.ActiveCfg = Release|Any CPU
		{684509BF-18C7-497E-9A7B-8568E516BE56}.Release|Any CPU.Build.0 = Release|Any CPU
	EndGlobalSection
	GlobalSection(SolutionProperties) = preSolution
		HideSolutionNode = FALSE
	EndGlobalSection
	GlobalSection(ExtensibilityGlobals) = postSolution
		SolutionGuid = {B2081A5D-24D3-4948-A53A-B2F62A9D8FE5}
	EndGlobalSection
EndGlobal
