
Microsoft Visual Studio Solution File, Format Version 12.00
# Visual Studio Version 16
VisualStudioVersion = 16.0.30011.22
MinimumVisualStudioVersion = 10.0.40219.1
Project("{9A19103F-16F7-4668-BE54-9A1E7A4F7556}") = "ConsoleExcuteCmd", "ConsoleExcuteCmd.csproj", "{8747133A-1AA7-4011-B2C6-C274ED5EF8DA}"
EndProject
Project("{FAE04EC0-301F-11D3-BF4B-00C04F79EFBC}") = "ZeroMqDemo", "..\ZeroMqDemo\ZeroMqDemo.csproj", "{D6B9F521-4334-4E78-BC44-4CC3F6FBD136}"
EndProject
Global
	GlobalSection(SolutionConfigurationPlatforms) = preSolution
		Debug|Any CPU = Debug|Any CPU
		Release|Any CPU = Release|Any CPU
	EndGlobalSection
	GlobalSection(ProjectConfigurationPlatforms) = postSolution
		{8747133A-1AA7-4011-B2C6-C274ED5EF8DA}.Debug|Any CPU.ActiveCfg = Debug|Any CPU
		{8747133A-1AA7-4011-B2C6-C274ED5EF8DA}.Debug|Any CPU.Build.0 = Debug|Any CPU
		{8747133A-1AA7-4011-B2C6-C274ED5EF8DA}.Release|Any CPU.ActiveCfg = Release|Any CPU
		{8747133A-1AA7-4011-B2C6-C274ED5EF8DA}.Release|Any CPU.Build.0 = Release|Any CPU
		{D6B9F521-4334-4E78-BC44-4CC3F6FBD136}.Debug|Any CPU.ActiveCfg = Debug|Any CPU
		{D6B9F521-4334-4E78-BC44-4CC3F6FBD136}.Debug|Any CPU.Build.0 = Debug|Any CPU
		{D6B9F521-4334-4E78-BC44-4CC3F6FBD136}.Release|Any CPU.ActiveCfg = Release|Any CPU
		{D6B9F521-4334-4E78-BC44-4CC3F6FBD136}.Release|Any CPU.Build.0 = Release|Any CPU
	EndGlobalSection
	GlobalSection(SolutionProperties) = preSolution
		HideSolutionNode = FALSE
	EndGlobalSection
	GlobalSection(ExtensibilityGlobals) = postSolution
		SolutionGuid = {E66B6009-6481-4B04-9BD0-F7DB4AA1D2AD}
	EndGlobalSection
EndGlobal
