
Microsoft Visual Studio Solution File, Format Version 12.00
# Visual Studio Version 16
VisualStudioVersion = 16.0.30011.22
MinimumVisualStudioVersion = 10.0.40219.1
Project("{FAE04EC0-301F-11D3-BF4B-00C04F79EFBC}") = "WpfCore", "WpfCore.csproj", "{99DC4E49-A2CE-411C-8BFD-2F1BBB1F2BA0}"
EndProject
Global
	GlobalSection(SolutionConfigurationPlatforms) = preSolution
		Debug|Any CPU = Debug|Any CPU
		Release|Any CPU = Release|Any CPU
	EndGlobalSection
	GlobalSection(ProjectConfigurationPlatforms) = postSolution
		{99DC4E49-A2CE-411C-8BFD-2F1BBB1F2BA0}.Debug|Any CPU.ActiveCfg = Debug|Any CPU
		{99DC4E49-A2CE-411C-8BFD-2F1BBB1F2BA0}.Debug|Any CPU.Build.0 = Debug|Any CPU
		{99DC4E49-A2CE-411C-8BFD-2F1BBB1F2BA0}.Release|Any CPU.ActiveCfg = Release|Any CPU
		{99DC4E49-A2CE-411C-8BFD-2F1BBB1F2BA0}.Release|Any CPU.Build.0 = Release|Any CPU
	EndGlobalSection
	GlobalSection(SolutionProperties) = preSolution
		HideSolutionNode = FALSE
	EndGlobalSection
	GlobalSection(ExtensibilityGlobals) = postSolution
		SolutionGuid = {4B39C5F9-1369-40C2-B6BF-C8611ECC76B6}
	EndGlobalSection
EndGlobal
